// !$*UTF8*$!
{
	archiveVersion = 1;
	classes = {
	};
	objectVersion = 56;
	objects = {

/* Begin PBXBuildFile section */
		B4A4B5362A225A0100F60E6E /* BookmarkMetadata.swift in Sources */ = {isa = PBXBuildFile; fileRef = B4A4B5352A225A0100F60E6E /* BookmarkMetadata.swift */; };
		B4A4B5392A22620400F60E6E /* DateUtils.swift in Sources */ = {isa = PBXBuildFile; fileRef = B4A4B5382A22620400F60E6E /* DateUtils.swift */; };
		B4A4B53B2A24C3A400F60E6E /* PriorityTag.swift in Sources */ = {isa = PBXBuildFile; fileRef = B4A4B53A2A24C3A400F60E6E /* PriorityTag.swift */; };
		B4A4B53D2A2B5FC900F60E6E /* BookmarkStore.swift in Sources */ = {isa = PBXBuildFile; fileRef = B4A4B53C2A2B5FC900F60E6E /* BookmarkStore.swift */; };
		B4A4B5412A2FA70300F60E6E /* CreateNewForm.swift in Sources */ = {isa = PBXBuildFile; fileRef = B4A4B5402A2FA70300F60E6E /* CreateNewForm.swift */; };
		B4F559072A113A2A00BB05FB /* BookmarkApp.swift in Sources */ = {isa = PBXBuildFile; fileRef = B4F559062A113A2A00BB05FB /* BookmarkApp.swift */; };
		B4F559092A113A2A00BB05FB /* ContentView.swift in Sources */ = {isa = PBXBuildFile; fileRef = B4F559082A113A2A00BB05FB /* ContentView.swift */; };
		B4F5590B2A113A2D00BB05FB /* Assets.xcassets in Resources */ = {isa = PBXBuildFile; fileRef = B4F5590A2A113A2D00BB05FB /* Assets.xcassets */; };
		B4F5590E2A113A2D00BB05FB /* Preview Assets.xcassets in Resources */ = {isa = PBXBuildFile; fileRef = B4F5590D2A113A2D00BB05FB /* Preview Assets.xcassets */; };
		B4F559182A113CB100BB05FB /* BookmarkList.swift in Sources */ = {isa = PBXBuildFile; fileRef = B4F559172A113CB100BB05FB /* BookmarkList.swift */; };
		B4F5591A2A12B70300BB05FB /* Tag.swift in Sources */ = {isa = PBXBuildFile; fileRef = B4F559192A12B70300BB05FB /* Tag.swift */; };
		B4F5591C2A12B87C00BB05FB /* BookmarkItem.swift in Sources */ = {isa = PBXBuildFile; fileRef = B4F5591B2A12B87C00BB05FB /* BookmarkItem.swift */; };
		B4F5591F2A167C5900BB05FB /* Bookmark.swift in Sources */ = {isa = PBXBuildFile; fileRef = B4F5591E2A167C5900BB05FB /* Bookmark.swift */; };
		B4F559222A197B9D00BB05FB /* BookmarkDetails.swift in Sources */ = {isa = PBXBuildFile; fileRef = B4F559212A197B9D00BB05FB /* BookmarkDetails.swift */; };
		B4F559252A1A544600BB05FB /* TagRow.swift in Sources */ = {isa = PBXBuildFile; fileRef = B4F559242A1A544600BB05FB /* TagRow.swift */; };
/* End PBXBuildFile section */

/* Begin PBXFileReference section */
		B4A4B5352A225A0100F60E6E /* BookmarkMetadata.swift */ = {isa = PBXFileReference; lastKnownFileType = sourcecode.swift; path = BookmarkMetadata.swift; sourceTree = "<group>"; };
		B4A4B5382A22620400F60E6E /* DateUtils.swift */ = {isa = PBXFileReference; lastKnownFileType = sourcecode.swift; path = DateUtils.swift; sourceTree = "<group>"; };
		B4A4B53A2A24C3A400F60E6E /* PriorityTag.swift */ = {isa = PBXFileReference; lastKnownFileType = sourcecode.swift; path = PriorityTag.swift; sourceTree = "<group>"; };
		B4A4B53C2A2B5FC900F60E6E /* BookmarkStore.swift */ = {isa = PBXFileReference; lastKnownFileType = sourcecode.swift; path = BookmarkStore.swift; sourceTree = "<group>"; };
		B4A4B5402A2FA70300F60E6E /* CreateNewForm.swift */ = {isa = PBXFileReference; lastKnownFileType = sourcecode.swift; path = CreateNewForm.swift; sourceTree = "<group>"; };
		B4F559032A113A2A00BB05FB /* todo.app */ = {isa = PBXFileReference; explicitFileType = wrapper.application; includeInIndex = 0; path = todo.app; sourceTree = BUILT_PRODUCTS_DIR; };
		B4F559062A113A2A00BB05FB /* BookmarkApp.swift */ = {isa = PBXFileReference; lastKnownFileType = sourcecode.swift; path = BookmarkApp.swift; sourceTree = "<group>"; };
		B4F559082A113A2A00BB05FB /* ContentView.swift */ = {isa = PBXFileReference; lastKnownFileType = sourcecode.swift; path = ContentView.swift; sourceTree = "<group>"; };
		B4F5590A2A113A2D00BB05FB /* Assets.xcassets */ = {isa = PBXFileReference; lastKnownFileType = folder.assetcatalog; path = Assets.xcassets; sourceTree = "<group>"; };
		B4F5590D2A113A2D00BB05FB /* Preview Assets.xcassets */ = {isa = PBXFileReference; lastKnownFileType = folder.assetcatalog; path = "Preview Assets.xcassets"; sourceTree = "<group>"; };
		B4F559172A113CB100BB05FB /* BookmarkList.swift */ = {isa = PBXFileReference; lastKnownFileType = sourcecode.swift; path = BookmarkList.swift; sourceTree = "<group>"; };
		B4F559192A12B70300BB05FB /* Tag.swift */ = {isa = PBXFileReference; lastKnownFileType = sourcecode.swift; path = Tag.swift; sourceTree = "<group>"; };
		B4F5591B2A12B87C00BB05FB /* BookmarkItem.swift */ = {isa = PBXFileReference; lastKnownFileType = sourcecode.swift; path = BookmarkItem.swift; sourceTree = "<group>"; };
		B4F5591E2A167C5900BB05FB /* Bookmark.swift */ = {isa = PBXFileReference; lastKnownFileType = sourcecode.swift; path = Bookmark.swift; sourceTree = "<group>"; };
		B4F559212A197B9D00BB05FB /* BookmarkDetails.swift */ = {isa = PBXFileReference; lastKnownFileType = sourcecode.swift; path = BookmarkDetails.swift; sourceTree = "<group>"; };
		B4F559242A1A544600BB05FB /* TagRow.swift */ = {isa = PBXFileReference; lastKnownFileType = sourcecode.swift; path = TagRow.swift; sourceTree = "<group>"; };
/* End PBXFileReference section */

/* Begin PBXFrameworksBuildPhase section */
		B4F559002A113A2A00BB05FB /* Frameworks */ = {
			isa = PBXFrameworksBuildPhase;
			buildActionMask = 2147483647;
			files = (
			);
			runOnlyForDeploymentPostprocessing = 0;
		};
/* End PBXFrameworksBuildPhase section */

/* Begin PBXGroup section */
		B4A4B5372A2261F300F60E6E /* Utils */ = {
			isa = PBXGroup;
			children = (
				B4A4B5382A22620400F60E6E /* DateUtils.swift */,
			);
			path = Utils;
			sourceTree = "<group>";
		};
		B4A4B53F2A2FA6EC00F60E6E /* Create */ = {
			isa = PBXGroup;
			children = (
				B4A4B5402A2FA70300F60E6E /* CreateNewForm.swift */,
			);
			path = Create;
			sourceTree = "<group>";
		};
		B4F558FA2A113A2A00BB05FB = {
			isa = PBXGroup;
			children = (
				B4F559052A113A2A00BB05FB /* bookmark */,
				B4F559042A113A2A00BB05FB /* Products */,
			);
			sourceTree = "<group>";
		};
		B4F559042A113A2A00BB05FB /* Products */ = {
			isa = PBXGroup;
			children = (
				B4F559032A113A2A00BB05FB /* todo.app */,
			);
			name = Products;
			sourceTree = "<group>";
		};
		B4F559052A113A2A00BB05FB /* bookmark */ = {
			isa = PBXGroup;
			children = (
				B4A4B5372A2261F300F60E6E /* Utils */,
				B4F5591D2A167C4B00BB05FB /* Model */,
				B4F559142A113C7F00BB05FB /* Views */,
				B4F559062A113A2A00BB05FB /* BookmarkApp.swift */,
				B4F559082A113A2A00BB05FB /* ContentView.swift */,
				B4F5590A2A113A2D00BB05FB /* Assets.xcassets */,
				B4F5590C2A113A2D00BB05FB /* Preview Content */,
			);
			path = bookmark;
			sourceTree = "<group>";
		};
		B4F5590C2A113A2D00BB05FB /* Preview Content */ = {
			isa = PBXGroup;
			children = (
				B4F5590D2A113A2D00BB05FB /* Preview Assets.xcassets */,
			);
			path = "Preview Content";
			sourceTree = "<group>";
		};
		B4F559142A113C7F00BB05FB /* Views */ = {
			isa = PBXGroup;
			children = (
				B4A4B53F2A2FA6EC00F60E6E /* Create */,
				B4F559202A197B8800BB05FB /* Details */,
				B4F559162A113C9000BB05FB /* Overview */,
				B4F559232A1A541500BB05FB /* Shared */,
			);
			path = Views;
			sourceTree = "<group>";
		};
		B4F559162A113C9000BB05FB /* Overview */ = {
			isa = PBXGroup;
			children = (
				B4F559172A113CB100BB05FB /* BookmarkList.swift */,
				B4F5591B2A12B87C00BB05FB /* BookmarkItem.swift */,
			);
			path = Overview;
			sourceTree = "<group>";
		};
		B4F5591D2A167C4B00BB05FB /* Model */ = {
			isa = PBXGroup;
			children = (
				B4F5591E2A167C5900BB05FB /* Bookmark.swift */,
				B4A4B53C2A2B5FC900F60E6E /* BookmarkStore.swift */,
			);
			path = Model;
			sourceTree = "<group>";
		};
		B4F559202A197B8800BB05FB /* Details */ = {
			isa = PBXGroup;
			children = (
				B4F559212A197B9D00BB05FB /* BookmarkDetails.swift */,
				B4A4B5352A225A0100F60E6E /* BookmarkMetadata.swift */,
			);
			path = Details;
			sourceTree = "<group>";
		};
		B4F559232A1A541500BB05FB /* Shared */ = {
			isa = PBXGroup;
			children = (
				B4F559192A12B70300BB05FB /* Tag.swift */,
				B4F559242A1A544600BB05FB /* TagRow.swift */,
				B4A4B53A2A24C3A400F60E6E /* PriorityTag.swift */,
			);
			path = Shared;
			sourceTree = "<group>";
		};
/* End PBXGroup section */

/* Begin PBXNativeTarget section */
		B4F559022A113A2A00BB05FB /* todo */ = {
			isa = PBXNativeTarget;
			buildConfigurationList = B4F559112A113A2D00BB05FB /* Build configuration list for PBXNativeTarget "todo" */;
			buildPhases = (
				B4F558FF2A113A2A00BB05FB /* Sources */,
				B4F559002A113A2A00BB05FB /* Frameworks */,
				B4F559012A113A2A00BB05FB /* Resources */,
			);
			buildRules = (
			);
			dependencies = (
			);
			name = todo;
			productName = todo;
			productReference = B4F559032A113A2A00BB05FB /* todo.app */;
			productType = "com.apple.product-type.application";
		};
/* End PBXNativeTarget section */

/* Begin PBXProject section */
		B4F558FB2A113A2A00BB05FB /* Project object */ = {
			isa = PBXProject;
			attributes = {
				BuildIndependentTargetsInParallel = 1;
				LastSwiftUpdateCheck = 1410;
				LastUpgradeCheck = 1410;
				TargetAttributes = {
					B4F559022A113A2A00BB05FB = {
						CreatedOnToolsVersion = 14.1;
					};
				};
			};
			buildConfigurationList = B4F558FE2A113A2A00BB05FB /* Build configuration list for PBXProject "todo" */;
			compatibilityVersion = "Xcode 14.0";
			developmentRegion = en;
			hasScannedForEncodings = 0;
			knownRegions = (
				en,
				Base,
			);
			mainGroup = B4F558FA2A113A2A00BB05FB;
			productRefGroup = B4F559042A113A2A00BB05FB /* Products */;
			projectDirPath = "";
			projectRoot = "";
			targets = (
				B4F559022A113A2A00BB05FB /* todo */,
			);
		};
/* End PBXProject section */

/* Begin PBXResourcesBuildPhase section */
		B4F559012A113A2A00BB05FB /* Resources */ = {
			isa = PBXResourcesBuildPhase;
			buildActionMask = 2147483647;
			files = (
				B4F5590E2A113A2D00BB05FB /* Preview Assets.xcassets in Resources */,
				B4F5590B2A113A2D00BB05FB /* Assets.xcassets in Resources */,
			);
			runOnlyForDeploymentPostprocessing = 0;
		};
/* End PBXResourcesBuildPhase section */

/* Begin PBXSourcesBuildPhase section */
		B4F558FF2A113A2A00BB05FB /* Sources */ = {
			isa = PBXSourcesBuildPhase;
			buildActionMask = 2147483647;
			files = (
				B4A4B5362A225A0100F60E6E /* BookmarkMetadata.swift in Sources */,
				B4A4B53B2A24C3A400F60E6E /* PriorityTag.swift in Sources */,
				B4F5591C2A12B87C00BB05FB /* BookmarkItem.swift in Sources */,
				B4F5591F2A167C5900BB05FB /* Bookmark.swift in Sources */,
				B4F5591A2A12B70300BB05FB /* Tag.swift in Sources */,
				B4A4B53D2A2B5FC900F60E6E /* BookmarkStore.swift in Sources */,
				B4F559252A1A544600BB05FB /* TagRow.swift in Sources */,
				B4A4B5412A2FA70300F60E6E /* CreateNewForm.swift in Sources */,
				B4F559182A113CB100BB05FB /* BookmarkList.swift in Sources */,
				B4F559092A113A2A00BB05FB /* ContentView.swift in Sources */,
				B4A4B5392A22620400F60E6E /* DateUtils.swift in Sources */,
				B4F559072A113A2A00BB05FB /* BookmarkApp.swift in Sources */,
				B4F559222A197B9D00BB05FB /* BookmarkDetails.swift in Sources */,
			);
			runOnlyForDeploymentPostprocessing = 0;
		};
/* End PBXSourcesBuildPhase section */

/* Begin XCBuildConfiguration section */
		B4F5590F2A113A2D00BB05FB /* Debug */ = {
			isa = XCBuildConfiguration;
			buildSettings = {
				ALWAYS_SEARCH_USER_PATHS = NO;
				CLANG_ANALYZER_NONNULL = YES;
				CLANG_ANALYZER_NUMBER_OBJECT_CONVERSION = YES_AGGRESSIVE;
				CLANG_CXX_LANGUAGE_STANDARD = "gnu++20";
				CLANG_ENABLE_MODULES = YES;
				CLANG_ENABLE_OBJC_ARC = YES;
				CLANG_ENABLE_OBJC_WEAK = YES;
				CLANG_WARN_BLOCK_CAPTURE_AUTORELEASING = YES;
				CLANG_WARN_BOOL_CONVERSION = YES;
				CLANG_WARN_COMMA = YES;
				CLANG_WARN_CONSTANT_CONVERSION = YES;
				CLANG_WARN_DEPRECATED_OBJC_IMPLEMENTATIONS = YES;
				CLANG_WARN_DIRECT_OBJC_ISA_USAGE = YES_ERROR;
				CLANG_WARN_DOCUMENTATION_COMMENTS = YES;
				CLANG_WARN_EMPTY_BODY = YES;
				CLANG_WARN_ENUM_CONVERSION = YES;
				CLANG_WARN_INFINITE_RECURSION = YES;
				CLANG_WARN_INT_CONVERSION = YES;
				CLANG_WARN_NON_LITERAL_NULL_CONVERSION = YES;
				CLANG_WARN_OBJC_IMPLICIT_RETAIN_SELF = YES;
				CLANG_WARN_OBJC_LITERAL_CONVERSION = YES;
				CLANG_WARN_OBJC_ROOT_CLASS = YES_ERROR;
				CLANG_WARN_QUOTED_INCLUDE_IN_FRAMEWORK_HEADER = YES;
				CLANG_WARN_RANGE_LOOP_ANALYSIS = YES;
				CLANG_WARN_STRICT_PROTOTYPES = YES;
				CLANG_WARN_SUSPICIOUS_MOVE = YES;
				CLANG_WARN_UNGUARDED_AVAILABILITY = YES_AGGRESSIVE;
				CLANG_WARN_UNREACHABLE_CODE = YES;
				CLANG_WARN__DUPLICATE_METHOD_MATCH = YES;
				COPY_PHASE_STRIP = NO;
				DEBUG_INFORMATION_FORMAT = dwarf;
				ENABLE_STRICT_OBJC_MSGSEND = YES;
				ENABLE_TESTABILITY = YES;
				GCC_C_LANGUAGE_STANDARD = gnu11;
				GCC_DYNAMIC_NO_PIC = NO;
				GCC_NO_COMMON_BLOCKS = YES;
				GCC_OPTIMIZATION_LEVEL = 0;
				GCC_PREPROCESSOR_DEFINITIONS = (
					"DEBUG=1",
					"$(inherited)",
				);
				GCC_WARN_64_TO_32_BIT_CONVERSION = YES;
				GCC_WARN_ABOUT_RETURN_TYPE = YES_ERROR;
				GCC_WARN_UNDECLARED_SELECTOR = YES;
				GCC_WARN_UNINITIALIZED_AUTOS = YES_AGGRESSIVE;
				GCC_WARN_UNUSED_FUNCTION = YES;
				GCC_WARN_UNUSED_VARIABLE = YES;
				IPHONEOS_DEPLOYMENT_TARGET = 16.1;
				MTL_ENABLE_DEBUG_INFO = INCLUDE_SOURCE;
				MTL_FAST_MATH = YES;
				ONLY_ACTIVE_ARCH = YES;
				SDKROOT = iphoneos;
				SWIFT_ACTIVE_COMPILATION_CONDITIONS = DEBUG;
				SWIFT_OPTIMIZATION_LEVEL = "-Onone";
			};
			name = Debug;
		};
		B4F559102A113A2D00BB05FB /* Release */ = {
			isa = XCBuildConfiguration;
			buildSettings = {
				ALWAYS_SEARCH_USER_PATHS = NO;
				CLANG_ANALYZER_NONNULL = YES;
				CLANG_ANALYZER_NUMBER_OBJECT_CONVERSION = YES_AGGRESSIVE;
				CLANG_CXX_LANGUAGE_STANDARD = "gnu++20";
				CLANG_ENABLE_MODULES = YES;
				CLANG_ENABLE_OBJC_ARC = YES;
				CLANG_ENABLE_OBJC_WEAK = YES;
				CLANG_WARN_BLOCK_CAPTURE_AUTORELEASING = YES;
				CLANG_WARN_BOOL_CONVERSION = YES;
				CLANG_WARN_COMMA = YES;
				CLANG_WARN_CONSTANT_CONVERSION = YES;
				CLANG_WARN_DEPRECATED_OBJC_IMPLEMENTATIONS = YES;
				CLANG_WARN_DIRECT_OBJC_ISA_USAGE = YES_ERROR;
				CLANG_WARN_DOCUMENTATION_COMMENTS = YES;
				CLANG_WARN_EMPTY_BODY = YES;
				CLANG_WARN_ENUM_CONVERSION = YES;
				CLANG_WARN_INFINITE_RECURSION = YES;
				CLANG_WARN_INT_CONVERSION = YES;
				CLANG_WARN_NON_LITERAL_NULL_CONVERSION = YES;
				CLANG_WARN_OBJC_IMPLICIT_RETAIN_SELF = YES;
				CLANG_WARN_OBJC_LITERAL_CONVERSION = YES;
				CLANG_WARN_OBJC_ROOT_CLASS = YES_ERROR;
				CLANG_WARN_QUOTED_INCLUDE_IN_FRAMEWORK_HEADER = YES;
				CLANG_WARN_RANGE_LOOP_ANALYSIS = YES;
				CLANG_WARN_STRICT_PROTOTYPES = YES;
				CLANG_WARN_SUSPICIOUS_MOVE = YES;
				CLANG_WARN_UNGUARDED_AVAILABILITY = YES_AGGRESSIVE;
				CLANG_WARN_UNREACHABLE_CODE = YES;
				CLANG_WARN__DUPLICATE_METHOD_MATCH = YES;
				COPY_PHASE_STRIP = NO;
				DEBUG_INFORMATION_FORMAT = "dwarf-with-dsym";
				ENABLE_NS_ASSERTIONS = NO;
				ENABLE_STRICT_OBJC_MSGSEND = YES;
				GCC_C_LANGUAGE_STANDARD = gnu11;
				GCC_NO_COMMON_BLOCKS = YES;
				GCC_WARN_64_TO_32_BIT_CONVERSION = YES;
				GCC_WARN_ABOUT_RETURN_TYPE = YES_ERROR;
				GCC_WARN_UNDECLARED_SELECTOR = YES;
				GCC_WARN_UNINITIALIZED_AUTOS = YES_AGGRESSIVE;
				GCC_WARN_UNUSED_FUNCTION = YES;
				GCC_WARN_UNUSED_VARIABLE = YES;
				IPHONEOS_DEPLOYMENT_TARGET = 16.1;
				MTL_ENABLE_DEBUG_INFO = NO;
				MTL_FAST_MATH = YES;
				SDKROOT = iphoneos;
				SWIFT_COMPILATION_MODE = wholemodule;
				SWIFT_OPTIMIZATION_LEVEL = "-O";
				VALIDATE_PRODUCT = YES;
			};
			name = Release;
		};
		B4F559122A113A2D00BB05FB /* Debug */ = {
			isa = XCBuildConfiguration;
			buildSettings = {
				ASSETCATALOG_COMPILER_APPICON_NAME = AppIcon;
				ASSETCATALOG_COMPILER_GLOBAL_ACCENT_COLOR_NAME = AccentColor;
				CODE_SIGN_STYLE = Automatic;
				CURRENT_PROJECT_VERSION = 1;
				DEVELOPMENT_ASSET_PATHS = "\"bookmark/Preview Content\"";
				DEVELOPMENT_TEAM = QT49FY29MM;
				ENABLE_PREVIEWS = YES;
				GENERATE_INFOPLIST_FILE = YES;
				INFOPLIST_KEY_UIApplicationSceneManifest_Generation = YES;
				INFOPLIST_KEY_UIApplicationSupportsIndirectInputEvents = YES;
				INFOPLIST_KEY_UILaunchScreen_Generation = YES;
				INFOPLIST_KEY_UISupportedInterfaceOrientations_iPad = "UIInterfaceOrientationPortrait UIInterfaceOrientationPortraitUpsideDown UIInterfaceOrientationLandscapeLeft UIInterfaceOrientationLandscapeRight";
				INFOPLIST_KEY_UISupportedInterfaceOrientations_iPhone = "UIInterfaceOrientationPortrait UIInterfaceOrientationLandscapeLeft UIInterfaceOrientationLandscapeRight";
				LD_RUNPATH_SEARCH_PATHS = (
					"$(inherited)",
					"@executable_path/Frameworks",
				);
				MARKETING_VERSION = 1.0;
				PRODUCT_BUNDLE_IDENTIFIER = pbothner.todo;
				PRODUCT_NAME = "$(TARGET_NAME)";
				SWIFT_EMIT_LOC_STRINGS = YES;
				SWIFT_VERSION = 5.0;
				TARGETED_DEVICE_FAMILY = "1,2";
			};
			name = Debug;
		};
		B4F559132A113A2D00BB05FB /* Release */ = {
			isa = XCBuildConfiguration;
			buildSettings = {
				ASSETCATALOG_COMPILER_APPICON_NAME = AppIcon;
				ASSETCATALOG_COMPILER_GLOBAL_ACCENT_COLOR_NAME = AccentColor;
				CODE_SIGN_STYLE = Automatic;
				CURRENT_PROJECT_VERSION = 1;
				DEVELOPMENT_ASSET_PATHS = "\"bookmark/Preview Content\"";
				DEVELOPMENT_TEAM = QT49FY29MM;
				ENABLE_PREVIEWS = YES;
				GENERATE_INFOPLIST_FILE = YES;
				INFOPLIST_KEY_UIApplicationSceneManifest_Generation = YES;
				INFOPLIST_KEY_UIApplicationSupportsIndirectInputEvents = YES;
				INFOPLIST_KEY_UILaunchScreen_Generation = YES;
				INFOPLIST_KEY_UISupportedInterfaceOrientations_iPad = "UIInterfaceOrientationPortrait UIInterfaceOrientationPortraitUpsideDown UIInterfaceOrientationLandscapeLeft UIInterfaceOrientationLandscapeRight";
				INFOPLIST_KEY_UISupportedInterfaceOrientations_iPhone = "UIInterfaceOrientationPortrait UIInterfaceOrientationLandscapeLeft UIInterfaceOrientationLandscapeRight";
				LD_RUNPATH_SEARCH_PATHS = (
					"$(inherited)",
					"@executable_path/Frameworks",
				);
				MARKETING_VERSION = 1.0;
				PRODUCT_BUNDLE_IDENTIFIER = pbothner.todo;
				PRODUCT_NAME = "$(TARGET_NAME)";
				SWIFT_EMIT_LOC_STRINGS = YES;
				SWIFT_VERSION = 5.0;
				TARGETED_DEVICE_FAMILY = "1,2";
			};
			name = Release;
		};
/* End XCBuildConfiguration section */

/* Begin XCConfigurationList section */
		B4F558FE2A113A2A00BB05FB /* Build configuration list for PBXProject "todo" */ = {
			isa = XCConfigurationList;
			buildConfigurations = (
				B4F5590F2A113A2D00BB05FB /* Debug */,
				B4F559102A113A2D00BB05FB /* Release */,
			);
			defaultConfigurationIsVisible = 0;
			defaultConfigurationName = Release;
		};
		B4F559112A113A2D00BB05FB /* Build configuration list for PBXNativeTarget "todo" */ = {
			isa = XCConfigurationList;
			buildConfigurations = (
				B4F559122A113A2D00BB05FB /* Debug */,
				B4F559132A113A2D00BB05FB /* Release */,
			);
			defaultConfigurationIsVisible = 0;
			defaultConfigurationName = Release;
		};
/* End XCConfigurationList section */
	};
	rootObject = B4F558FB2A113A2A00BB05FB /* Project object */;
}
